
Microsoft Visual Studio Solution File, Format Version 12.00
# Visual Studio Version 17
VisualStudioVersion = 17.0.32002.185
MinimumVisualStudioVersion = 10.0.40219.1
Project("{9A19103F-16F7-4668-BE54-9A1E7A4F7556}") = "BlazorCharts", "BlazorCharts\BlazorCharts.csproj", "{0C371E8B-A336-4207-AB83-056CF3345984}"
EndProject
Project("{9A19103F-16F7-4668-BE54-9A1E7A4F7556}") = "BlazorCharts.Client", "BlazorCharts.Client\BlazorCharts.Client.csproj", "{6DD98DDD-AD2B-4616-95B6-2D3FBFDAF661}"
EndProject
Global
	GlobalSection(SolutionConfigurationPlatforms) = preSolution
		Debug|Any CPU = Debug|Any CPU
		Release|Any CPU = Release|Any CPU
	EndGlobalSection
	GlobalSection(ProjectConfigurationPlatforms) = postSolution
		{0C371E8B-A336-4207-AB83-056CF3345984}.Debug|Any CPU.ActiveCfg = Debug|Any CPU
		{0C371E8B-A336-4207-AB83-056CF3345984}.Debug|Any CPU.Build.0 = Debug|Any CPU
		{0C371E8B-A336-4207-AB83-056CF3345984}.Release|Any CPU.ActiveCfg = Release|Any CPU
		{0C371E8B-A336-4207-AB83-056CF3345984}.Release|Any CPU.Build.0 = Release|Any CPU
		{6DD98DDD-AD2B-4616-95B6-2D3FBFDAF661}.Debug|Any CPU.ActiveCfg = Debug|Any CPU
		{6DD98DDD-AD2B-4616-95B6-2D3FBFDAF661}.Debug|Any CPU.Build.0 = Debug|Any CPU
		{6DD98DDD-AD2B-4616-95B6-2D3FBFDAF661}.Release|Any CPU.ActiveCfg = Release|Any CPU
		{6DD98DDD-AD2B-4616-95B6-2D3FBFDAF661}.Release|Any CPU.Build.0 = Release|Any CPU
	EndGlobalSection
	GlobalSection(SolutionProperties) = preSolution
		HideSolutionNode = FALSE
	EndGlobalSection
	GlobalSection(ExtensibilityGlobals) = postSolution
		SolutionGuid = {E9851067-6620-46B3-9421-EFA0232014B2}
	EndGlobalSection
EndGlobal
